
Microsoft Visual Studio Solution File, Format Version 12.00
# Visual Studio Version 17
VisualStudioVersion = 17.4.33110.190
MinimumVisualStudioVersion = 10.0.40219.1
Project("{9A19103F-16F7-4668-BE54-9A1E7A4F7556}") = "DataAccess", "DataAccess\DataAccess.csproj", "{D7FD8AFE-2FB6-4BC3-B087-E39AD9F21DB6}"
EndProject
Project("{9A19103F-16F7-4668-BE54-9A1E7A4F7556}") = "Entities", "Entities\Entities.csproj", "{48F599EC-2223-4F4C-826A-906BF13669A1}"
EndProject
Project("{9A19103F-16F7-4668-BE54-9A1E7A4F7556}") = "Business", "Business\Business.csproj", "{C36F1D3E-6EA0-4EC9-9781-6A5AA024F904}"
EndProject
Project("{9A19103F-16F7-4668-BE54-9A1E7A4F7556}") = "ConsoleUI", "ConsoleUI\ConsoleUI.csproj", "{64F3ACDC-01F1-455A-AAC4-2B48151E5A9B}"
EndProject
Project("{9A19103F-16F7-4668-BE54-9A1E7A4F7556}") = "Core", "Core\Core.csproj", "{140E0354-0C48-40AE-B2B8-B023A3F39A44}"
EndProject
Project("{FAE04EC0-301F-11D3-BF4B-00C04F79EFBC}") = "WebAPI", "WebAPI\WebAPI.csproj", "{CF95D85A-B963-4CBA-9622-5B26C114B367}"
EndProject
Global
	GlobalSection(SolutionConfigurationPlatforms) = preSolution
		Debug|Any CPU = Debug|Any CPU
		Release|Any CPU = Release|Any CPU
	EndGlobalSection
	GlobalSection(ProjectConfigurationPlatforms) = postSolution
		{D7FD8AFE-2FB6-4BC3-B087-E39AD9F21DB6}.Debug|Any CPU.ActiveCfg = Debug|Any CPU
		{D7FD8AFE-2FB6-4BC3-B087-E39AD9F21DB6}.Debug|Any CPU.Build.0 = Debug|Any CPU
		{D7FD8AFE-2FB6-4BC3-B087-E39AD9F21DB6}.Release|Any CPU.ActiveCfg = Release|Any CPU
		{D7FD8AFE-2FB6-4BC3-B087-E39AD9F21DB6}.Release|Any CPU.Build.0 = Release|Any CPU
		{48F599EC-2223-4F4C-826A-906BF13669A1}.Debug|Any CPU.ActiveCfg = Debug|Any CPU
		{48F599EC-2223-4F4C-826A-906BF13669A1}.Debug|Any CPU.Build.0 = Debug|Any CPU
		{48F599EC-2223-4F4C-826A-906BF13669A1}.Release|Any CPU.ActiveCfg = Release|Any CPU
		{48F599EC-2223-4F4C-826A-906BF13669A1}.Release|Any CPU.Build.0 = Release|Any CPU
		{C36F1D3E-6EA0-4EC9-9781-6A5AA024F904}.Debug|Any CPU.ActiveCfg = Debug|Any CPU
		{C36F1D3E-6EA0-4EC9-9781-6A5AA024F904}.Debug|Any CPU.Build.0 = Debug|Any CPU
		{C36F1D3E-6EA0-4EC9-9781-6A5AA024F904}.Release|Any CPU.ActiveCfg = Release|Any CPU
		{C36F1D3E-6EA0-4EC9-9781-6A5AA024F904}.Release|Any CPU.Build.0 = Release|Any CPU
		{64F3ACDC-01F1-455A-AAC4-2B48151E5A9B}.Debug|Any CPU.ActiveCfg = Debug|Any CPU
		{64F3ACDC-01F1-455A-AAC4-2B48151E5A9B}.Debug|Any CPU.Build.0 = Debug|Any CPU
		{64F3ACDC-01F1-455A-AAC4-2B48151E5A9B}.Release|Any CPU.ActiveCfg = Release|Any CPU
		{64F3ACDC-01F1-455A-AAC4-2B48151E5A9B}.Release|Any CPU.Build.0 = Release|Any CPU
		{140E0354-0C48-40AE-B2B8-B023A3F39A44}.Debug|Any CPU.ActiveCfg = Debug|Any CPU
		{140E0354-0C48-40AE-B2B8-B023A3F39A44}.Debug|Any CPU.Build.0 = Debug|Any CPU
		{140E0354-0C48-40AE-B2B8-B023A3F39A44}.Release|Any CPU.ActiveCfg = Release|Any CPU
		{140E0354-0C48-40AE-B2B8-B023A3F39A44}.Release|Any CPU.Build.0 = Release|Any CPU
		{CF95D85A-B963-4CBA-9622-5B26C114B367}.Debug|Any CPU.ActiveCfg = Debug|Any CPU
		{CF95D85A-B963-4CBA-9622-5B26C114B367}.Debug|Any CPU.Build.0 = Debug|Any CPU
		{CF95D85A-B963-4CBA-9622-5B26C114B367}.Release|Any CPU.ActiveCfg = Release|Any CPU
		{CF95D85A-B963-4CBA-9622-5B26C114B367}.Release|Any CPU.Build.0 = Release|Any CPU
	EndGlobalSection
	GlobalSection(SolutionProperties) = preSolution
		HideSolutionNode = FALSE
	EndGlobalSection
	GlobalSection(ExtensibilityGlobals) = postSolution
		SolutionGuid = {AA32ECDB-1E56-4CE7-82DE-C80210A60975}
	EndGlobalSection
EndGlobal
